// !$*UTF8*$!
{
	archiveVersion = 1;
	classes = {
	};
	objectVersion = 46;
	objects = {

/* Begin PBXBuildFile section */
		2005CC001F08545C002EF0AA /* AppDelegate.swift in Sources */ = {isa = PBXBuildFile; fileRef = 2005CBFF1F08545C002EF0AA /* AppDelegate.swift */; };
		2005CC021F08545C002EF0AA /* art.scnassets in Resources */ = {isa = PBXBuildFile; fileRef = 2005CC011F08545C002EF0AA /* art.scnassets */; };
		2005CC041F08545C002EF0AA /* GameViewController.swift in Sources */ = {isa = PBXBuildFile; fileRef = 2005CC031F08545C002EF0AA /* GameViewController.swift */; };
		2005CC071F08545C002EF0AA /* Main.storyboard in Resources */ = {isa = PBXBuildFile; fileRef = 2005CC051F08545C002EF0AA /* Main.storyboard */; };
		2005CC091F08545C002EF0AA /* Assets.xcassets in Resources */ = {isa = PBXBuildFile; fileRef = 2005CC081F08545C002EF0AA /* Assets.xcassets */; };
		2005CC0C1F08545C002EF0AA /* LaunchScreen.storyboard in Resources */ = {isa = PBXBuildFile; fileRef = 2005CC0A1F08545C002EF0AA /* LaunchScreen.storyboard */; };
		2005CC171F08545C002EF0AA /* Tap_to_SortTests.swift in Sources */ = {isa = PBXBuildFile; fileRef = 2005CC161F08545C002EF0AA /* Tap_to_SortTests.swift */; };
		2005CC221F08545C002EF0AA /* Tap_to_SortUITests.swift in Sources */ = {isa = PBXBuildFile; fileRef = 2005CC211F08545C002EF0AA /* Tap_to_SortUITests.swift */; };
		2005CC311F085569002EF0AA /* MenuViewController.swift in Sources */ = {isa = PBXBuildFile; fileRef = 2005CC301F085569002EF0AA /* MenuViewController.swift */; };
		2005CC351F0856C5002EF0AA /* Menu.sks in Resources */ = {isa = PBXBuildFile; fileRef = 2005CC341F0856C5002EF0AA /* Menu.sks */; };
		2005CC381F085711002EF0AA /* Menu.swift in Sources */ = {isa = PBXBuildFile; fileRef = 2005CC371F085711002EF0AA /* Menu.swift */; };
		20B262D41F09BC07004DE39A /* HighscoreViewController.swift in Sources */ = {isa = PBXBuildFile; fileRef = 20B262D31F09BC07004DE39A /* HighscoreViewController.swift */; };
		20CFFAF81F085F3D008AF3F7 /* Button.swift in Sources */ = {isa = PBXBuildFile; fileRef = 20CFFAF71F085F3D008AF3F7 /* Button.swift */; };
		20CFFAFF1F0877C8008AF3F7 /* MapAlpha.scn in Resources */ = {isa = PBXBuildFile; fileRef = 20CFFAFE1F0877C8008AF3F7 /* MapAlpha.scn */; };
		20F904271F08C28F00DF1305 /* GamePlayOverlay.sks in Resources */ = {isa = PBXBuildFile; fileRef = 20F904261F08C28F00DF1305 /* GamePlayOverlay.sks */; };
		20F9042B1F08D90F00DF1305 /* RestartMenuOverlay.sks in Resources */ = {isa = PBXBuildFile; fileRef = 20F9042A1F08D90F00DF1305 /* RestartMenuOverlay.sks */; };
		20F9042D1F08E97000DF1305 /* Extentions.swift in Sources */ = {isa = PBXBuildFile; fileRef = 20F9042C1F08E97000DF1305 /* Extentions.swift */; };
/* End PBXBuildFile section */

/* Begin PBXContainerItemProxy section */
		2005CC131F08545C002EF0AA /* PBXContainerItemProxy */ = {
			isa = PBXContainerItemProxy;
			containerPortal = 2005CBF41F08545C002EF0AA /* Project object */;
			proxyType = 1;
			remoteGlobalIDString = 2005CBFB1F08545C002EF0AA;
			remoteInfo = "Tap to Sort";
		};
		2005CC1E1F08545C002EF0AA /* PBXContainerItemProxy */ = {
			isa = PBXContainerItemProxy;
			containerPortal = 2005CBF41F08545C002EF0AA /* Project object */;
			proxyType = 1;
			remoteGlobalIDString = 2005CBFB1F08545C002EF0AA;
			remoteInfo = "Tap to Sort";
		};
/* End PBXContainerItemProxy section */

/* Begin PBXFileReference section */
		2005CBFC1F08545C002EF0AA /* Tap to Sort.app */ = {isa = PBXFileReference; explicitFileType = wrapper.application; includeInIndex = 0; path = "Tap to Sort.app"; sourceTree = BUILT_PRODUCTS_DIR; };
		2005CBFF1F08545C002EF0AA /* AppDelegate.swift */ = {isa = PBXFileReference; lastKnownFileType = sourcecode.swift; path = AppDelegate.swift; sourceTree = "<group>"; };
		2005CC011F08545C002EF0AA /* art.scnassets */ = {isa = PBXFileReference; lastKnownFileType = wrapper.scnassets; path = art.scnassets; sourceTree = "<group>"; };
		2005CC031F08545C002EF0AA /* GameViewController.swift */ = {isa = PBXFileReference; lastKnownFileType = sourcecode.swift; path = GameViewController.swift; sourceTree = "<group>"; };
		2005CC061F08545C002EF0AA /* Base */ = {isa = PBXFileReference; lastKnownFileType = file.storyboard; name = Base; path = Base.lproj/Main.storyboard; sourceTree = "<group>"; };
		2005CC081F08545C002EF0AA /* Assets.xcassets */ = {isa = PBXFileReference; lastKnownFileType = folder.assetcatalog; path = Assets.xcassets; sourceTree = "<group>"; };
		2005CC0B1F08545C002EF0AA /* Base */ = {isa = PBXFileReference; lastKnownFileType = file.storyboard; name = Base; path = Base.lproj/LaunchScreen.storyboard; sourceTree = "<group>"; };
		2005CC0D1F08545C002EF0AA /* Info.plist */ = {isa = PBXFileReference; lastKnownFileType = text.plist.xml; path = Info.plist; sourceTree = "<group>"; };
		2005CC121F08545C002EF0AA /* Tap to SortTests.xctest */ = {isa = PBXFileReference; explicitFileType = wrapper.cfbundle; includeInIndex = 0; path = "Tap to SortTests.xctest"; sourceTree = BUILT_PRODUCTS_DIR; };
		2005CC161F08545C002EF0AA /* Tap_to_SortTests.swift */ = {isa = PBXFileReference; lastKnownFileType = sourcecode.swift; path = Tap_to_SortTests.swift; sourceTree = "<group>"; };
		2005CC181F08545C002EF0AA /* Info.plist */ = {isa = PBXFileReference; lastKnownFileType = text.plist.xml; path = Info.plist; sourceTree = "<group>"; };
		2005CC1D1F08545C002EF0AA /* Tap to SortUITests.xctest */ = {isa = PBXFileReference; explicitFileType = wrapper.cfbundle; includeInIndex = 0; path = "Tap to SortUITests.xctest"; sourceTree = BUILT_PRODUCTS_DIR; };
		2005CC211F08545C002EF0AA /* Tap_to_SortUITests.swift */ = {isa = PBXFileReference; lastKnownFileType = sourcecode.swift; path = Tap_to_SortUITests.swift; sourceTree = "<group>"; };
		2005CC231F08545C002EF0AA /* Info.plist */ = {isa = PBXFileReference; lastKnownFileType = text.plist.xml; path = Info.plist; sourceTree = "<group>"; };
		2005CC301F085569002EF0AA /* MenuViewController.swift */ = {isa = PBXFileReference; fileEncoding = 4; lastKnownFileType = sourcecode.swift; path = MenuViewController.swift; sourceTree = "<group>"; };
		2005CC341F0856C5002EF0AA /* Menu.sks */ = {isa = PBXFileReference; lastKnownFileType = file.sks; path = Menu.sks; sourceTree = "<group>"; };
		2005CC371F085711002EF0AA /* Menu.swift */ = {isa = PBXFileReference; fileEncoding = 4; lastKnownFileType = sourcecode.swift; path = Menu.swift; sourceTree = "<group>"; };
		20B262D31F09BC07004DE39A /* HighscoreViewController.swift */ = {isa = PBXFileReference; fileEncoding = 4; lastKnownFileType = sourcecode.swift; path = HighscoreViewController.swift; sourceTree = "<group>"; };
		20CFFAF71F085F3D008AF3F7 /* Button.swift */ = {isa = PBXFileReference; fileEncoding = 4; lastKnownFileType = sourcecode.swift; path = Button.swift; sourceTree = "<group>"; };
		20CFFAFE1F0877C8008AF3F7 /* MapAlpha.scn */ = {isa = PBXFileReference; lastKnownFileType = file.bplist; path = MapAlpha.scn; sourceTree = "<group>"; };
		20F904261F08C28F00DF1305 /* GamePlayOverlay.sks */ = {isa = PBXFileReference; lastKnownFileType = file.sks; path = GamePlayOverlay.sks; sourceTree = "<group>"; };
		20F9042A1F08D90F00DF1305 /* RestartMenuOverlay.sks */ = {isa = PBXFileReference; lastKnownFileType = file.sks; path = RestartMenuOverlay.sks; sourceTree = "<group>"; };
		20F9042C1F08E97000DF1305 /* Extentions.swift */ = {isa = PBXFileReference; fileEncoding = 4; lastKnownFileType = sourcecode.swift; path = Extentions.swift; sourceTree = "<group>"; };
/* End PBXFileReference section */

/* Begin PBXFrameworksBuildPhase section */
		2005CBF91F08545C002EF0AA /* Frameworks */ = {
			isa = PBXFrameworksBuildPhase;
			buildActionMask = 2147483647;
			files = (
			);
			runOnlyForDeploymentPostprocessing = 0;
		};
		2005CC0F1F08545C002EF0AA /* Frameworks */ = {
			isa = PBXFrameworksBuildPhase;
			buildActionMask = 2147483647;
			files = (
			);
			runOnlyForDeploymentPostprocessing = 0;
		};
		2005CC1A1F08545C002EF0AA /* Frameworks */ = {
			isa = PBXFrameworksBuildPhase;
			buildActionMask = 2147483647;
			files = (
			);
			runOnlyForDeploymentPostprocessing = 0;
		};
/* End PBXFrameworksBuildPhase section */

/* Begin PBXGroup section */
		2005CBF31F08545C002EF0AA = {
			isa = PBXGroup;
			children = (
				2005CBFE1F08545C002EF0AA /* Tap to Sort */,
				2005CC331F0855AB002EF0AA /* View Controllers */,
				20CFFAF91F085F41008AF3F7 /* Utilities */,
				20CFFB001F0877D3008AF3F7 /* Scene Kit */,
				2005CC361F0856CB002EF0AA /* Sprite Kit  */,
				2005CC151F08545C002EF0AA /* Tap to SortTests */,
				2005CC201F08545C002EF0AA /* Tap to SortUITests */,
				2005CBFD1F08545C002EF0AA /* Products */,
			);
			sourceTree = "<group>";
		};
		2005CBFD1F08545C002EF0AA /* Products */ = {
			isa = PBXGroup;
			children = (
				2005CBFC1F08545C002EF0AA /* Tap to Sort.app */,
				2005CC121F08545C002EF0AA /* Tap to SortTests.xctest */,
				2005CC1D1F08545C002EF0AA /* Tap to SortUITests.xctest */,
			);
			name = Products;
			sourceTree = "<group>";
		};
		2005CBFE1F08545C002EF0AA /* Tap to Sort */ = {
			isa = PBXGroup;
			children = (
				2005CBFF1F08545C002EF0AA /* AppDelegate.swift */,
				2005CC011F08545C002EF0AA /* art.scnassets */,
				2005CC081F08545C002EF0AA /* Assets.xcassets */,
				2005CC0D1F08545C002EF0AA /* Info.plist */,
			);
			path = "Tap to Sort";
			sourceTree = "<group>";
		};
		2005CC151F08545C002EF0AA /* Tap to SortTests */ = {
			isa = PBXGroup;
			children = (
				2005CC161F08545C002EF0AA /* Tap_to_SortTests.swift */,
				2005CC181F08545C002EF0AA /* Info.plist */,
			);
			path = "Tap to SortTests";
			sourceTree = "<group>";
		};
		2005CC201F08545C002EF0AA /* Tap to SortUITests */ = {
			isa = PBXGroup;
			children = (
				2005CC211F08545C002EF0AA /* Tap_to_SortUITests.swift */,
				2005CC231F08545C002EF0AA /* Info.plist */,
			);
			path = "Tap to SortUITests";
			sourceTree = "<group>";
		};
		2005CC331F0855AB002EF0AA /* View Controllers */ = {
			isa = PBXGroup;
			children = (
				2005CC0A1F08545C002EF0AA /* LaunchScreen.storyboard */,
				2005CC051F08545C002EF0AA /* Main.storyboard */,
				20B262D31F09BC07004DE39A /* HighscoreViewController.swift */,
				2005CC031F08545C002EF0AA /* GameViewController.swift */,
				2005CC301F085569002EF0AA /* MenuViewController.swift */,
			);
			name = "View Controllers";
			path = "Tap to Sort";
			sourceTree = "<group>";
		};
		2005CC361F0856CB002EF0AA /* Sprite Kit  */ = {
			isa = PBXGroup;
			children = (
				2005CC341F0856C5002EF0AA /* Menu.sks */,
				2005CC371F085711002EF0AA /* Menu.swift */,
				20F904261F08C28F00DF1305 /* GamePlayOverlay.sks */,
				20F9042A1F08D90F00DF1305 /* RestartMenuOverlay.sks */,
			);
			name = "Sprite Kit ";
			path = "Tap to Sort";
			sourceTree = "<group>";
		};
		20CFFAF91F085F41008AF3F7 /* Utilities */ = {
			isa = PBXGroup;
			children = (
				20CFFAF71F085F3D008AF3F7 /* Button.swift */,
				20F9042C1F08E97000DF1305 /* Extentions.swift */,
			);
			name = Utilities;
			path = "Tap to Sort";
			sourceTree = "<group>";
		};
		20CFFB001F0877D3008AF3F7 /* Scene Kit */ = {
			isa = PBXGroup;
			children = (
				20CFFAFE1F0877C8008AF3F7 /* MapAlpha.scn */,
			);
			name = "Scene Kit";
			path = "Tap to Sort";
			sourceTree = "<group>";
		};
/* End PBXGroup section */

/* Begin PBXNativeTarget section */
		2005CBFB1F08545C002EF0AA /* Tap to Sort */ = {
			isa = PBXNativeTarget;
			buildConfigurationList = 2005CC261F08545C002EF0AA /* Build configuration list for PBXNativeTarget "Tap to Sort" */;
			buildPhases = (
				2005CBF81F08545C002EF0AA /* Sources */,
				2005CBF91F08545C002EF0AA /* Frameworks */,
				2005CBFA1F08545C002EF0AA /* Resources */,
			);
			buildRules = (
			);
			dependencies = (
			);
			name = "Tap to Sort";
			productName = "Tap to Sort";
			productReference = 2005CBFC1F08545C002EF0AA /* Tap to Sort.app */;
			productType = "com.apple.product-type.application";
		};
		2005CC111F08545C002EF0AA /* Tap to SortTests */ = {
			isa = PBXNativeTarget;
			buildConfigurationList = 2005CC291F08545C002EF0AA /* Build configuration list for PBXNativeTarget "Tap to SortTests" */;
			buildPhases = (
				2005CC0E1F08545C002EF0AA /* Sources */,
				2005CC0F1F08545C002EF0AA /* Frameworks */,
				2005CC101F08545C002EF0AA /* Resources */,
			);
			buildRules = (
			);
			dependencies = (
				2005CC141F08545C002EF0AA /* PBXTargetDependency */,
			);
			name = "Tap to SortTests";
			productName = "Tap to SortTests";
			productReference = 2005CC121F08545C002EF0AA /* Tap to SortTests.xctest */;
			productType = "com.apple.product-type.bundle.unit-test";
		};
		2005CC1C1F08545C002EF0AA /* Tap to SortUITests */ = {
			isa = PBXNativeTarget;
			buildConfigurationList = 2005CC2C1F08545C002EF0AA /* Build configuration list for PBXNativeTarget "Tap to SortUITests" */;
			buildPhases = (
				2005CC191F08545C002EF0AA /* Sources */,
				2005CC1A1F08545C002EF0AA /* Frameworks */,
				2005CC1B1F08545C002EF0AA /* Resources */,
			);
			buildRules = (
			);
			dependencies = (
				2005CC1F1F08545C002EF0AA /* PBXTargetDependency */,
			);
			name = "Tap to SortUITests";
			productName = "Tap to SortUITests";
			productReference = 2005CC1D1F08545C002EF0AA /* Tap to SortUITests.xctest */;
			productType = "com.apple.product-type.bundle.ui-testing";
		};
/* End PBXNativeTarget section */

/* Begin PBXProject section */
		2005CBF41F08545C002EF0AA /* Project object */ = {
			isa = PBXProject;
			attributes = {
				LastSwiftUpdateCheck = 0830;
				LastUpgradeCheck = 0830;
				ORGANIZATIONNAME = "Evan Chen";
				TargetAttributes = {
					2005CBFB1F08545C002EF0AA = {
						CreatedOnToolsVersion = 8.3.3;
						DevelopmentTeam = 6H36FS38Y3;
						ProvisioningStyle = Automatic;
					};
					2005CC111F08545C002EF0AA = {
						CreatedOnToolsVersion = 8.3.3;
						DevelopmentTeam = 6H36FS38Y3;
						ProvisioningStyle = Automatic;
						TestTargetID = 2005CBFB1F08545C002EF0AA;
					};
					2005CC1C1F08545C002EF0AA = {
						CreatedOnToolsVersion = 8.3.3;
						DevelopmentTeam = 6H36FS38Y3;
						ProvisioningStyle = Automatic;
						TestTargetID = 2005CBFB1F08545C002EF0AA;
					};
				};
			};
			buildConfigurationList = 2005CBF71F08545C002EF0AA /* Build configuration list for PBXProject "Tap to Sort" */;
			compatibilityVersion = "Xcode 3.2";
			developmentRegion = English;
			hasScannedForEncodings = 0;
			knownRegions = (
				en,
				Base,
			);
			mainGroup = 2005CBF31F08545C002EF0AA;
			productRefGroup = 2005CBFD1F08545C002EF0AA /* Products */;
			projectDirPath = "";
			projectRoot = "";
			targets = (
				2005CBFB1F08545C002EF0AA /* Tap to Sort */,
				2005CC111F08545C002EF0AA /* Tap to SortTests */,
				2005CC1C1F08545C002EF0AA /* Tap to SortUITests */,
			);
		};
/* End PBXProject section */

/* Begin PBXResourcesBuildPhase section */
		2005CBFA1F08545C002EF0AA /* Resources */ = {
			isa = PBXResourcesBuildPhase;
			buildActionMask = 2147483647;
			files = (
				20CFFAFF1F0877C8008AF3F7 /* MapAlpha.scn in Resources */,
				20F9042B1F08D90F00DF1305 /* RestartMenuOverlay.sks in Resources */,
				2005CC021F08545C002EF0AA /* art.scnassets in Resources */,
				2005CC0C1F08545C002EF0AA /* LaunchScreen.storyboard in Resources */,
				2005CC091F08545C002EF0AA /* Assets.xcassets in Resources */,
				2005CC351F0856C5002EF0AA /* Menu.sks in Resources */,
				20F904271F08C28F00DF1305 /* GamePlayOverlay.sks in Resources */,
				2005CC071F08545C002EF0AA /* Main.storyboard in Resources */,
			);
			runOnlyForDeploymentPostprocessing = 0;
		};
		2005CC101F08545C002EF0AA /* Resources */ = {
			isa = PBXResourcesBuildPhase;
			buildActionMask = 2147483647;
			files = (
			);
			runOnlyForDeploymentPostprocessing = 0;
		};
		2005CC1B1F08545C002EF0AA /* Resources */ = {
			isa = PBXResourcesBuildPhase;
			buildActionMask = 2147483647;
			files = (
			);
			runOnlyForDeploymentPostprocessing = 0;
		};
/* End PBXResourcesBuildPhase section */

/* Begin PBXSourcesBuildPhase section */
		2005CBF81F08545C002EF0AA /* Sources */ = {
			isa = PBXSourcesBuildPhase;
			buildActionMask = 2147483647;
			files = (
				20CFFAF81F085F3D008AF3F7 /* Button.swift in Sources */,
				2005CC041F08545C002EF0AA /* GameViewController.swift in Sources */,
				20F9042D1F08E97000DF1305 /* Extentions.swift in Sources */,
				2005CC311F085569002EF0AA /* MenuViewController.swift in Sources */,
				2005CC381F085711002EF0AA /* Menu.swift in Sources */,
				2005CC001F08545C002EF0AA /* AppDelegate.swift in Sources */,
				20B262D41F09BC07004DE39A /* HighscoreViewController.swift in Sources */,
			);
			runOnlyForDeploymentPostprocessing = 0;
		};
		2005CC0E1F08545C002EF0AA /* Sources */ = {
			isa = PBXSourcesBuildPhase;
			buildActionMask = 2147483647;
			files = (
				2005CC171F08545C002EF0AA /* Tap_to_SortTests.swift in Sources */,
			);
			runOnlyForDeploymentPostprocessing = 0;
		};
		2005CC191F08545C002EF0AA /* Sources */ = {
			isa = PBXSourcesBuildPhase;
			buildActionMask = 2147483647;
			files = (
				2005CC221F08545C002EF0AA /* Tap_to_SortUITests.swift in Sources */,
			);
			runOnlyForDeploymentPostprocessing = 0;
		};
/* End PBXSourcesBuildPhase section */

/* Begin PBXTargetDependency section */
		2005CC141F08545C002EF0AA /* PBXTargetDependency */ = {
			isa = PBXTargetDependency;
			target = 2005CBFB1F08545C002EF0AA /* Tap to Sort */;
			targetProxy = 2005CC131F08545C002EF0AA /* PBXContainerItemProxy */;
		};
		2005CC1F1F08545C002EF0AA /* PBXTargetDependency */ = {
			isa = PBXTargetDependency;
			target = 2005CBFB1F08545C002EF0AA /* Tap to Sort */;
			targetProxy = 2005CC1E1F08545C002EF0AA /* PBXContainerItemProxy */;
		};
/* End PBXTargetDependency section */

/* Begin PBXVariantGroup section */
		2005CC051F08545C002EF0AA /* Main.storyboard */ = {
			isa = PBXVariantGroup;
			children = (
				2005CC061F08545C002EF0AA /* Base */,
			);
			name = Main.storyboard;
			sourceTree = "<group>";
		};
		2005CC0A1F08545C002EF0AA /* LaunchScreen.storyboard */ = {
			isa = PBXVariantGroup;
			children = (
				2005CC0B1F08545C002EF0AA /* Base */,
			);
			name = LaunchScreen.storyboard;
			sourceTree = "<group>";
		};
/* End PBXVariantGroup section */

/* Begin XCBuildConfiguration section */
		2005CC241F08545C002EF0AA /* Debug */ = {
			isa = XCBuildConfiguration;
			buildSettings = {
				ALWAYS_SEARCH_USER_PATHS = NO;
				CLANG_ANALYZER_NONNULL = YES;
				CLANG_ANALYZER_NUMBER_OBJECT_CONVERSION = YES_AGGRESSIVE;
				CLANG_CXX_LANGUAGE_STANDARD = "gnu++0x";
				CLANG_CXX_LIBRARY = "libc++";
				CLANG_ENABLE_MODULES = YES;
				CLANG_ENABLE_OBJC_ARC = YES;
				CLANG_WARN_BOOL_CONVERSION = YES;
				CLANG_WARN_CONSTANT_CONVERSION = YES;
				CLANG_WARN_DIRECT_OBJC_ISA_USAGE = YES_ERROR;
				CLANG_WARN_DOCUMENTATION_COMMENTS = YES;
				CLANG_WARN_EMPTY_BODY = YES;
				CLANG_WARN_ENUM_CONVERSION = YES;
				CLANG_WARN_INFINITE_RECURSION = YES;
				CLANG_WARN_INT_CONVERSION = YES;
				CLANG_WARN_OBJC_ROOT_CLASS = YES_ERROR;
				CLANG_WARN_SUSPICIOUS_MOVE = YES;
				CLANG_WARN_UNREACHABLE_CODE = YES;
				CLANG_WARN__DUPLICATE_METHOD_MATCH = YES;
				"CODE_SIGN_IDENTITY[sdk=iphoneos*]" = "iPhone Developer";
				COPY_PHASE_STRIP = NO;
				DEBUG_INFORMATION_FORMAT = dwarf;
				ENABLE_STRICT_OBJC_MSGSEND = YES;
				ENABLE_TESTABILITY = YES;
				GCC_C_LANGUAGE_STANDARD = gnu99;
				GCC_DYNAMIC_NO_PIC = NO;
				GCC_NO_COMMON_BLOCKS = YES;
				GCC_OPTIMIZATION_LEVEL = 0;
				GCC_PREPROCESSOR_DEFINITIONS = (
					"DEBUG=1",
					"$(inherited)",
				);
				GCC_WARN_64_TO_32_BIT_CONVERSION = YES;
				GCC_WARN_ABOUT_RETURN_TYPE = YES_ERROR;
				GCC_WARN_UNDECLARED_SELECTOR = YES;
				GCC_WARN_UNINITIALIZED_AUTOS = YES_AGGRESSIVE;
				GCC_WARN_UNUSED_FUNCTION = YES;
				GCC_WARN_UNUSED_VARIABLE = YES;
				IPHONEOS_DEPLOYMENT_TARGET = 10.3;
				MTL_ENABLE_DEBUG_INFO = YES;
				ONLY_ACTIVE_ARCH = YES;
				SDKROOT = iphoneos;
				SWIFT_ACTIVE_COMPILATION_CONDITIONS = DEBUG;
				SWIFT_OPTIMIZATION_LEVEL = "-Onone";
				TARGETED_DEVICE_FAMILY = "1,2";
			};
			name = Debug;
		};
		2005CC251F08545C002EF0AA /* Release */ = {
			isa = XCBuildConfiguration;
			buildSettings = {
				ALWAYS_SEARCH_USER_PATHS = NO;
				CLANG_ANALYZER_NONNULL = YES;
				CLANG_ANALYZER_NUMBER_OBJECT_CONVERSION = YES_AGGRESSIVE;
				CLANG_CXX_LANGUAGE_STANDARD = "gnu++0x";
				CLANG_CXX_LIBRARY = "libc++";
				CLANG_ENABLE_MODULES = YES;
				CLANG_ENABLE_OBJC_ARC = YES;
				CLANG_WARN_BOOL_CONVERSION = YES;
				CLANG_WARN_CONSTANT_CONVERSION = YES;
				CLANG_WARN_DIRECT_OBJC_ISA_USAGE = YES_ERROR;
				CLANG_WARN_DOCUMENTATION_COMMENTS = YES;
				CLANG_WARN_EMPTY_BODY = YES;
				CLANG_WARN_ENUM_CONVERSION = YES;
				CLANG_WARN_INFINITE_RECURSION = YES;
				CLANG_WARN_INT_CONVERSION = YES;
				CLANG_WARN_OBJC_ROOT_CLASS = YES_ERROR;
				CLANG_WARN_SUSPICIOUS_MOVE = YES;
				CLANG_WARN_UNREACHABLE_CODE = YES;
				CLANG_WARN__DUPLICATE_METHOD_MATCH = YES;
				"CODE_SIGN_IDENTITY[sdk=iphoneos*]" = "iPhone Developer";
				COPY_PHASE_STRIP = NO;
				DEBUG_INFORMATION_FORMAT = "dwarf-with-dsym";
				ENABLE_NS_ASSERTIONS = NO;
				ENABLE_STRICT_OBJC_MSGSEND = YES;
				GCC_C_LANGUAGE_STANDARD = gnu99;
				GCC_NO_COMMON_BLOCKS = YES;
				GCC_WARN_64_TO_32_BIT_CONVERSION = YES;
				GCC_WARN_ABOUT_RETURN_TYPE = YES_ERROR;
				GCC_WARN_UNDECLARED_SELECTOR = YES;
				GCC_WARN_UNINITIALIZED_AUTOS = YES_AGGRESSIVE;
				GCC_WARN_UNUSED_FUNCTION = YES;
				GCC_WARN_UNUSED_VARIABLE = YES;
				IPHONEOS_DEPLOYMENT_TARGET = 10.3;
				MTL_ENABLE_DEBUG_INFO = NO;
				SDKROOT = iphoneos;
				SWIFT_OPTIMIZATION_LEVEL = "-Owholemodule";
				TARGETED_DEVICE_FAMILY = "1,2";
				VALIDATE_PRODUCT = YES;
			};
			name = Release;
		};
		2005CC271F08545C002EF0AA /* Debug */ = {
			isa = XCBuildConfiguration;
			buildSettings = {
				ASSETCATALOG_COMPILER_APPICON_NAME = AppIcon;
				DEVELOPMENT_TEAM = 6H36FS38Y3;
				INFOPLIST_FILE = "Tap to Sort/Info.plist";
				LD_RUNPATH_SEARCH_PATHS = "$(inherited) @executable_path/Frameworks";
				PRODUCT_BUNDLE_IDENTIFIER = "Chiyu.Tap-to-Sort";
				PRODUCT_NAME = "$(TARGET_NAME)";
				SWIFT_VERSION = 3.0;
			};
			name = Debug;
		};
		2005CC281F08545C002EF0AA /* Release */ = {
			isa = XCBuildConfiguration;
			buildSettings = {
				ASSETCATALOG_COMPILER_APPICON_NAME = AppIcon;
				DEVELOPMENT_TEAM = 6H36FS38Y3;
				INFOPLIST_FILE = "Tap to Sort/Info.plist";
				LD_RUNPATH_SEARCH_PATHS = "$(inherited) @executable_path/Frameworks";
				PRODUCT_BUNDLE_IDENTIFIER = "Chiyu.Tap-to-Sort";
				PRODUCT_NAME = "$(TARGET_NAME)";
				SWIFT_VERSION = 3.0;
			};
			name = Release;
		};
		2005CC2A1F08545C002EF0AA /* Debug */ = {
			isa = XCBuildConfiguration;
			buildSettings = {
				ALWAYS_EMBED_SWIFT_STANDARD_LIBRARIES = YES;
				BUNDLE_LOADER = "$(TEST_HOST)";
				DEVELOPMENT_TEAM = 6H36FS38Y3;
				INFOPLIST_FILE = "Tap to SortTests/Info.plist";
				LD_RUNPATH_SEARCH_PATHS = "$(inherited) @executable_path/Frameworks @loader_path/Frameworks";
				PRODUCT_BUNDLE_IDENTIFIER = "Chiyu.Tap-to-SortTests";
				PRODUCT_NAME = "$(TARGET_NAME)";
				SWIFT_VERSION = 3.0;
				TEST_HOST = "$(BUILT_PRODUCTS_DIR)/Tap to Sort.app/Tap to Sort";
			};
			name = Debug;
		};
		2005CC2B1F08545C002EF0AA /* Release */ = {
			isa = XCBuildConfiguration;
			buildSettings = {
				ALWAYS_EMBED_SWIFT_STANDARD_LIBRARIES = YES;
				BUNDLE_LOADER = "$(TEST_HOST)";
				DEVELOPMENT_TEAM = 6H36FS38Y3;
				INFOPLIST_FILE = "Tap to SortTests/Info.plist";
				LD_RUNPATH_SEARCH_PATHS = "$(inherited) @executable_path/Frameworks @loader_path/Frameworks";
				PRODUCT_BUNDLE_IDENTIFIER = "Chiyu.Tap-to-SortTests";
				PRODUCT_NAME = "$(TARGET_NAME)";
				SWIFT_VERSION = 3.0;
				TEST_HOST = "$(BUILT_PRODUCTS_DIR)/Tap to Sort.app/Tap to Sort";
			};
			name = Release;
		};
		2005CC2D1F08545C002EF0AA /* Debug */ = {
			isa = XCBuildConfiguration;
			buildSettings = {
				ALWAYS_EMBED_SWIFT_STANDARD_LIBRARIES = YES;
				DEVELOPMENT_TEAM = 6H36FS38Y3;
				INFOPLIST_FILE = "Tap to SortUITests/Info.plist";
				LD_RUNPATH_SEARCH_PATHS = "$(inherited) @executable_path/Frameworks @loader_path/Frameworks";
				PRODUCT_BUNDLE_IDENTIFIER = "Chiyu.Tap-to-SortUITests";
				PRODUCT_NAME = "$(TARGET_NAME)";
				SWIFT_VERSION = 3.0;
				TEST_TARGET_NAME = "Tap to Sort";
			};
			name = Debug;
		};
		2005CC2E1F08545C002EF0AA /* Release */ = {
			isa = XCBuildConfiguration;
			buildSettings = {
				ALWAYS_EMBED_SWIFT_STANDARD_LIBRARIES = YES;
				DEVELOPMENT_TEAM = 6H36FS38Y3;
				INFOPLIST_FILE = "Tap to SortUITests/Info.plist";
				LD_RUNPATH_SEARCH_PATHS = "$(inherited) @executable_path/Frameworks @loader_path/Frameworks";
				PRODUCT_BUNDLE_IDENTIFIER = "Chiyu.Tap-to-SortUITests";
				PRODUCT_NAME = "$(TARGET_NAME)";
				SWIFT_VERSION = 3.0;
				TEST_TARGET_NAME = "Tap to Sort";
			};
			name = Release;
		};
/* End XCBuildConfiguration section */

/* Begin XCConfigurationList section */
		2005CBF71F08545C002EF0AA /* Build configuration list for PBXProject "Tap to Sort" */ = {
			isa = XCConfigurationList;
			buildConfigurations = (
				2005CC241F08545C002EF0AA /* Debug */,
				2005CC251F08545C002EF0AA /* Release */,
			);
			defaultConfigurationIsVisible = 0;
			defaultConfigurationName = Release;
		};
		2005CC261F08545C002EF0AA /* Build configuration list for PBXNativeTarget "Tap to Sort" */ = {
			isa = XCConfigurationList;
			buildConfigurations = (
				2005CC271F08545C002EF0AA /* Debug */,
				2005CC281F08545C002EF0AA /* Release */,
			);
			defaultConfigurationIsVisible = 0;
			defaultConfigurationName = Release;
		};
		2005CC291F08545C002EF0AA /* Build configuration list for PBXNativeTarget "Tap to SortTests" */ = {
			isa = XCConfigurationList;
			buildConfigurations = (
				2005CC2A1F08545C002EF0AA /* Debug */,
				2005CC2B1F08545C002EF0AA /* Release */,
			);
			defaultConfigurationIsVisible = 0;
			defaultConfigurationName = Release;
		};
		2005CC2C1F08545C002EF0AA /* Build configuration list for PBXNativeTarget "Tap to SortUITests" */ = {
			isa = XCConfigurationList;
			buildConfigurations = (
				2005CC2D1F08545C002EF0AA /* Debug */,
				2005CC2E1F08545C002EF0AA /* Release */,
			);
			defaultConfigurationIsVisible = 0;
			defaultConfigurationName = Release;
		};
/* End XCConfigurationList section */
	};
	rootObject = 2005CBF41F08545C002EF0AA /* Project object */;
}
